
Microsoft Visual Studio Solution File, Format Version 12.00
# Visual Studio Version 17
VisualStudioVersion = 17.9.34607.119
MinimumVisualStudioVersion = 10.0.40219.1
Project("{9A19103F-16F7-4668-BE54-9A1E7A4F7556}") = "WpfAdmin", "WpfAdmin\WpfAdmin.csproj", "{8164F667-020C-4EB9-97BB-FDA5DDBC93BD}"
EndProject
Project("{9A19103F-16F7-4668-BE54-9A1E7A4F7556}") = "WpfUser", "WpfUser\WpfUser.csproj", "{5376D1AE-4625-4A03-BA32-4E58D53557E2}"
EndProject
Project("{FAE04EC0-301F-11D3-BF4B-00C04F79EFBC}") = "CLActiBuddy", "CLActiBuddy\CLActiBuddy.csproj", "{10508230-D3A2-4272-A221-6D3C18444745}"
EndProject
Global
	GlobalSection(SolutionConfigurationPlatforms) = preSolution
		Debug|Any CPU = Debug|Any CPU
		Release|Any CPU = Release|Any CPU
	EndGlobalSection
	GlobalSection(ProjectConfigurationPlatforms) = postSolution
		{8164F667-020C-4EB9-97BB-FDA5DDBC93BD}.Debug|Any CPU.ActiveCfg = Debug|Any CPU
		{8164F667-020C-4EB9-97BB-FDA5DDBC93BD}.Debug|Any CPU.Build.0 = Debug|Any CPU
		{8164F667-020C-4EB9-97BB-FDA5DDBC93BD}.Release|Any CPU.ActiveCfg = Release|Any CPU
		{8164F667-020C-4EB9-97BB-FDA5DDBC93BD}.Release|Any CPU.Build.0 = Release|Any CPU
		{5376D1AE-4625-4A03-BA32-4E58D53557E2}.Debug|Any CPU.ActiveCfg = Debug|Any CPU
		{5376D1AE-4625-4A03-BA32-4E58D53557E2}.Debug|Any CPU.Build.0 = Debug|Any CPU
		{5376D1AE-4625-4A03-BA32-4E58D53557E2}.Release|Any CPU.ActiveCfg = Release|Any CPU
		{5376D1AE-4625-4A03-BA32-4E58D53557E2}.Release|Any CPU.Build.0 = Release|Any CPU
		{10508230-D3A2-4272-A221-6D3C18444745}.Debug|Any CPU.ActiveCfg = Debug|Any CPU
		{10508230-D3A2-4272-A221-6D3C18444745}.Debug|Any CPU.Build.0 = Debug|Any CPU
		{10508230-D3A2-4272-A221-6D3C18444745}.Release|Any CPU.ActiveCfg = Release|Any CPU
		{10508230-D3A2-4272-A221-6D3C18444745}.Release|Any CPU.Build.0 = Release|Any CPU
	EndGlobalSection
	GlobalSection(SolutionProperties) = preSolution
		HideSolutionNode = FALSE
	EndGlobalSection
	GlobalSection(ExtensibilityGlobals) = postSolution
		SolutionGuid = {B3AA8531-E682-4AB5-B14A-B93283927028}
	EndGlobalSection
EndGlobal
