
Microsoft Visual Studio Solution File, Format Version 12.00
# Visual Studio Version 17
VisualStudioVersion = 17.10.35013.160
MinimumVisualStudioVersion = 10.0.40219.1
Project("{FAE04EC0-301F-11D3-BF4B-00C04F79EFBC}") = "WpfAdmin", "WpfAdmin\WpfAdmin.csproj", "{DF7E402D-E0F6-4515-8A32-D738EAE2DAC8}"
EndProject
Project("{FAE04EC0-301F-11D3-BF4B-00C04F79EFBC}") = "WpfUser", "WpfUser\WpfUser.csproj", "{75327161-04C6-4AD9-A52F-8A1C5477678B}"
EndProject
Project("{FAE04EC0-301F-11D3-BF4B-00C04F79EFBC}") = "CLActiBuddy", "CLActiBuddy\CLActiBuddy.csproj", "{F7DF2767-6707-4595-9380-DD6B9D0438CE}"
EndProject
Global
	GlobalSection(SolutionConfigurationPlatforms) = preSolution
		Debug|Any CPU = Debug|Any CPU
		Release|Any CPU = Release|Any CPU
	EndGlobalSection
	GlobalSection(ProjectConfigurationPlatforms) = postSolution
		{DF7E402D-E0F6-4515-8A32-D738EAE2DAC8}.Debug|Any CPU.ActiveCfg = Debug|Any CPU
		{DF7E402D-E0F6-4515-8A32-D738EAE2DAC8}.Debug|Any CPU.Build.0 = Debug|Any CPU
		{DF7E402D-E0F6-4515-8A32-D738EAE2DAC8}.Release|Any CPU.ActiveCfg = Release|Any CPU
		{DF7E402D-E0F6-4515-8A32-D738EAE2DAC8}.Release|Any CPU.Build.0 = Release|Any CPU
		{75327161-04C6-4AD9-A52F-8A1C5477678B}.Debug|Any CPU.ActiveCfg = Debug|Any CPU
		{75327161-04C6-4AD9-A52F-8A1C5477678B}.Debug|Any CPU.Build.0 = Debug|Any CPU
		{75327161-04C6-4AD9-A52F-8A1C5477678B}.Release|Any CPU.ActiveCfg = Release|Any CPU
		{75327161-04C6-4AD9-A52F-8A1C5477678B}.Release|Any CPU.Build.0 = Release|Any CPU
		{F7DF2767-6707-4595-9380-DD6B9D0438CE}.Debug|Any CPU.ActiveCfg = Debug|Any CPU
		{F7DF2767-6707-4595-9380-DD6B9D0438CE}.Debug|Any CPU.Build.0 = Debug|Any CPU
		{F7DF2767-6707-4595-9380-DD6B9D0438CE}.Release|Any CPU.ActiveCfg = Release|Any CPU
		{F7DF2767-6707-4595-9380-DD6B9D0438CE}.Release|Any CPU.Build.0 = Release|Any CPU
	EndGlobalSection
	GlobalSection(SolutionProperties) = preSolution
		HideSolutionNode = FALSE
	EndGlobalSection
	GlobalSection(ExtensibilityGlobals) = postSolution
		SolutionGuid = {BE505CE9-C2A6-43D0-8E91-5C05054B834F}
	EndGlobalSection
EndGlobal
