
Microsoft Visual Studio Solution File, Format Version 12.00
# Visual Studio Version 17
VisualStudioVersion = 17.8.34322.80
MinimumVisualStudioVersion = 10.0.40219.1
Project("{FAE04EC0-301F-11D3-BF4B-00C04F79EFBC}") = "WpfAdmin", "WpfAdmin\WpfAdmin.csproj", "{EB01A55C-9CC7-44EC-A919-F71E624A045E}"
EndProject
Project("{FAE04EC0-301F-11D3-BF4B-00C04F79EFBC}") = "WpfUser", "WpfUser\WpfUser.csproj", "{C420BF47-270B-4F91-8865-ACA9EA82497A}"
EndProject
Project("{FAE04EC0-301F-11D3-BF4B-00C04F79EFBC}") = "CLActiBuddy", "CLActiBuddy\CLActiBuddy.csproj", "{DD51924C-29A2-49BD-8A3A-F4E564C3F8E4}"
EndProject
Global
	GlobalSection(SolutionConfigurationPlatforms) = preSolution
		Debug|Any CPU = Debug|Any CPU
		Release|Any CPU = Release|Any CPU
	EndGlobalSection
	GlobalSection(ProjectConfigurationPlatforms) = postSolution
		{EB01A55C-9CC7-44EC-A919-F71E624A045E}.Debug|Any CPU.ActiveCfg = Debug|Any CPU
		{EB01A55C-9CC7-44EC-A919-F71E624A045E}.Debug|Any CPU.Build.0 = Debug|Any CPU
		{EB01A55C-9CC7-44EC-A919-F71E624A045E}.Release|Any CPU.ActiveCfg = Release|Any CPU
		{EB01A55C-9CC7-44EC-A919-F71E624A045E}.Release|Any CPU.Build.0 = Release|Any CPU
		{C420BF47-270B-4F91-8865-ACA9EA82497A}.Debug|Any CPU.ActiveCfg = Debug|Any CPU
		{C420BF47-270B-4F91-8865-ACA9EA82497A}.Debug|Any CPU.Build.0 = Debug|Any CPU
		{C420BF47-270B-4F91-8865-ACA9EA82497A}.Release|Any CPU.ActiveCfg = Release|Any CPU
		{C420BF47-270B-4F91-8865-ACA9EA82497A}.Release|Any CPU.Build.0 = Release|Any CPU
		{DD51924C-29A2-49BD-8A3A-F4E564C3F8E4}.Debug|Any CPU.ActiveCfg = Debug|Any CPU
		{DD51924C-29A2-49BD-8A3A-F4E564C3F8E4}.Debug|Any CPU.Build.0 = Debug|Any CPU
		{DD51924C-29A2-49BD-8A3A-F4E564C3F8E4}.Release|Any CPU.ActiveCfg = Release|Any CPU
		{DD51924C-29A2-49BD-8A3A-F4E564C3F8E4}.Release|Any CPU.Build.0 = Release|Any CPU
	EndGlobalSection
	GlobalSection(SolutionProperties) = preSolution
		HideSolutionNode = FALSE
	EndGlobalSection
	GlobalSection(ExtensibilityGlobals) = postSolution
		SolutionGuid = {B42B7258-19E9-4FA3-A7D6-5D4E968B22E4}
	EndGlobalSection
EndGlobal
