
Microsoft Visual Studio Solution File, Format Version 12.00
# Visual Studio Version 17
VisualStudioVersion = 17.0.31912.275
MinimumVisualStudioVersion = 10.0.40219.1
Project("{2150E333-8FDC-42A3-9474-1A3956D46DE8}") = "Solution Items", "Solution Items", "{0BE79131-9643-4C57-BD6D-E729F57AA24F}"
	ProjectSection(SolutionItems) = preProject
		.editorconfig = .editorconfig
	EndProjectSection
EndProject
Project("{FAE04EC0-301F-11D3-BF4B-00C04F79EFBC}") = "ConsoleKassaTicket", "ConsoleKassaTicket\ConsoleKassaTicket.csproj", "{C9D7828A-2A86-44EE-B5E0-8621C42C2B77}"
EndProject
Project("{FAE04EC0-301F-11D3-BF4B-00C04F79EFBC}") = "WpfEscapeGame", "WpfEscapeGame\WpfEscapeGame.csproj", "{F8FD9AE0-2EC9-4C1B-AFC4-5F8F2C9D08BC}"
EndProject
Global
	GlobalSection(SolutionConfigurationPlatforms) = preSolution
		Debug|Any CPU = Debug|Any CPU
		Release|Any CPU = Release|Any CPU
	EndGlobalSection
	GlobalSection(ProjectConfigurationPlatforms) = postSolution
		{C9D7828A-2A86-44EE-B5E0-8621C42C2B77}.Debug|Any CPU.ActiveCfg = Debug|Any CPU
		{C9D7828A-2A86-44EE-B5E0-8621C42C2B77}.Debug|Any CPU.Build.0 = Debug|Any CPU
		{C9D7828A-2A86-44EE-B5E0-8621C42C2B77}.Release|Any CPU.ActiveCfg = Release|Any CPU
		{C9D7828A-2A86-44EE-B5E0-8621C42C2B77}.Release|Any CPU.Build.0 = Release|Any CPU
		{F8FD9AE0-2EC9-4C1B-AFC4-5F8F2C9D08BC}.Debug|Any CPU.ActiveCfg = Debug|Any CPU
		{F8FD9AE0-2EC9-4C1B-AFC4-5F8F2C9D08BC}.Debug|Any CPU.Build.0 = Debug|Any CPU
		{F8FD9AE0-2EC9-4C1B-AFC4-5F8F2C9D08BC}.Release|Any CPU.ActiveCfg = Release|Any CPU
		{F8FD9AE0-2EC9-4C1B-AFC4-5F8F2C9D08BC}.Release|Any CPU.Build.0 = Release|Any CPU
	EndGlobalSection
	GlobalSection(SolutionProperties) = preSolution
		HideSolutionNode = FALSE
	EndGlobalSection
	GlobalSection(ExtensibilityGlobals) = postSolution
		SolutionGuid = {85276D55-4352-4C1F-A163-256A03BFB19F}
	EndGlobalSection
EndGlobal
