
Microsoft Visual Studio Solution File, Format Version 12.00
# Visual Studio Version 17
VisualStudioVersion = 17.9.34902.65
MinimumVisualStudioVersion = 10.0.40219.1
Project("{FAE04EC0-301F-11D3-BF4B-00C04F79EFBC}") = "CLFitness", "CLFitness.csproj", "{CEB34347-C5B0-4BD1-B58B-071F7652A068}"
EndProject
Project("{FAE04EC0-301F-11D3-BF4B-00C04F79EFBC}") = "WpfCustomer", "..\WpfCustomer\WpfCustomer.csproj", "{41D25440-B4BA-4ADB-958A-09CCC177730C}"
EndProject
Project("{FAE04EC0-301F-11D3-BF4B-00C04F79EFBC}") = "WpfAdmin", "..\WpfAdmin\WpfAdmin.csproj", "{0FA959DA-E1AC-46A1-BD39-E1B84E55CA0A}"
EndProject
Global
	GlobalSection(SolutionConfigurationPlatforms) = preSolution
		Debug|Any CPU = Debug|Any CPU
		Release|Any CPU = Release|Any CPU
	EndGlobalSection
	GlobalSection(ProjectConfigurationPlatforms) = postSolution
		{CEB34347-C5B0-4BD1-B58B-071F7652A068}.Debug|Any CPU.ActiveCfg = Debug|Any CPU
		{CEB34347-C5B0-4BD1-B58B-071F7652A068}.Debug|Any CPU.Build.0 = Debug|Any CPU
		{CEB34347-C5B0-4BD1-B58B-071F7652A068}.Release|Any CPU.ActiveCfg = Release|Any CPU
		{CEB34347-C5B0-4BD1-B58B-071F7652A068}.Release|Any CPU.Build.0 = Release|Any CPU
		{41D25440-B4BA-4ADB-958A-09CCC177730C}.Debug|Any CPU.ActiveCfg = Debug|Any CPU
		{41D25440-B4BA-4ADB-958A-09CCC177730C}.Debug|Any CPU.Build.0 = Debug|Any CPU
		{41D25440-B4BA-4ADB-958A-09CCC177730C}.Release|Any CPU.ActiveCfg = Release|Any CPU
		{41D25440-B4BA-4ADB-958A-09CCC177730C}.Release|Any CPU.Build.0 = Release|Any CPU
		{0FA959DA-E1AC-46A1-BD39-E1B84E55CA0A}.Debug|Any CPU.ActiveCfg = Debug|Any CPU
		{0FA959DA-E1AC-46A1-BD39-E1B84E55CA0A}.Debug|Any CPU.Build.0 = Debug|Any CPU
		{0FA959DA-E1AC-46A1-BD39-E1B84E55CA0A}.Release|Any CPU.ActiveCfg = Release|Any CPU
		{0FA959DA-E1AC-46A1-BD39-E1B84E55CA0A}.Release|Any CPU.Build.0 = Release|Any CPU
	EndGlobalSection
	GlobalSection(SolutionProperties) = preSolution
		HideSolutionNode = FALSE
	EndGlobalSection
	GlobalSection(ExtensibilityGlobals) = postSolution
		SolutionGuid = {880D5CE1-1D9A-48C9-BDB0-674856D5AB97}
	EndGlobalSection
EndGlobal
